
Microsoft Visual Studio Solution File, Format Version 12.00
# Visual Studio 15
VisualStudioVersion = 15.0.28010.2041
MinimumVisualStudioVersion = 10.0.40219.1
Project("{FAE04EC0-301F-11D3-BF4B-00C04F79EFBC}") = "SnifferProject", "SnifferProject.csproj", "{E5A1E027-DA75-4BFF-8B72-C6CAE4092865}"
EndProject
Global
	GlobalSection(SolutionConfigurationPlatforms) = preSolution
		Debug|Any CPU = Debug|Any CPU
		Release|Any CPU = Release|Any CPU
	EndGlobalSection
	GlobalSection(ProjectConfigurationPlatforms) = postSolution
		{E5A1E027-DA75-4BFF-8B72-C6CAE4092865}.Debug|Any CPU.ActiveCfg = Debug|Any CPU
		{E5A1E027-DA75-4BFF-8B72-C6CAE4092865}.Debug|Any CPU.Build.0 = Debug|Any CPU
		{E5A1E027-DA75-4BFF-8B72-C6CAE4092865}.Release|Any CPU.ActiveCfg = Release|Any CPU
		{E5A1E027-DA75-4BFF-8B72-C6CAE4092865}.Release|Any CPU.Build.0 = Release|Any CPU
	EndGlobalSection
	GlobalSection(SolutionProperties) = preSolution
		HideSolutionNode = FALSE
	EndGlobalSection
	GlobalSection(ExtensibilityGlobals) = postSolution
		SolutionGuid = {C0571050-C23C-4E11-888E-40896D214C5E}
	EndGlobalSection
EndGlobal
